
Microsoft Visual Studio Solution File, Format Version 12.00
# Visual Studio 15
VisualStudioVersion = 15.0.28307.421
MinimumVisualStudioVersion = 10.0.40219.1
Project("{FAE04EC0-301F-11D3-BF4B-00C04F79EFBC}") = "Version 1 C", "Version 1 C\Version 1 C.csproj", "{E2CE2193-743B-4660-8BCB-B2363F171303}"
EndProject
Project("{2150E333-8FDC-42A3-9474-1A3956D46DE8}") = "DataBase Implementation", "DataBase Implementation", "{67B55DAF-92FB-41AD-9DAD-FEC45441AE89}"
EndProject
Project("{FAE04EC0-301F-11D3-BF4B-00C04F79EFBC}") = "Gallery3WinForm", "Gallery3WinForm\Gallery3WinForm.csproj", "{28FF0090-8C47-4629-B657-B5A0D4B96761}"
EndProject
Project("{FAE04EC0-301F-11D3-BF4B-00C04F79EFBC}") = "Gallery3Selfhost", "Gallery3Selfhost\Gallery3Selfhost.csproj", "{FEA65092-ECB1-4A88-B5D2-ADB63F53E44A}"
EndProject
Project("{FAE04EC0-301F-11D3-BF4B-00C04F79EFBC}") = "frmGallery4UniversalV2", "frmGallery4UniversalV2\frmGallery4UniversalV2.csproj", "{FABDBF94-887E-480E-8A6B-DC22CCC2A0E4}"
EndProject
Global
	GlobalSection(SolutionConfigurationPlatforms) = preSolution
		Debug|Any CPU = Debug|Any CPU
		Debug|ARM = Debug|ARM
		Debug|ARM64 = Debug|ARM64
		Debug|x64 = Debug|x64
		Debug|x86 = Debug|x86
		Release|Any CPU = Release|Any CPU
		Release|ARM = Release|ARM
		Release|ARM64 = Release|ARM64
		Release|x64 = Release|x64
		Release|x86 = Release|x86
	EndGlobalSection
	GlobalSection(ProjectConfigurationPlatforms) = postSolution
		{E2CE2193-743B-4660-8BCB-B2363F171303}.Debug|Any CPU.ActiveCfg = Debug|Any CPU
		{E2CE2193-743B-4660-8BCB-B2363F171303}.Debug|Any CPU.Build.0 = Debug|Any CPU
		{E2CE2193-743B-4660-8BCB-B2363F171303}.Debug|ARM.ActiveCfg = Debug|Any CPU
		{E2CE2193-743B-4660-8BCB-B2363F171303}.Debug|ARM64.ActiveCfg = Debug|Any CPU
		{E2CE2193-743B-4660-8BCB-B2363F171303}.Debug|x64.ActiveCfg = Debug|Any CPU
		{E2CE2193-743B-4660-8BCB-B2363F171303}.Debug|x86.ActiveCfg = Debug|Any CPU
		{E2CE2193-743B-4660-8BCB-B2363F171303}.Release|Any CPU.ActiveCfg = Release|Any CPU
		{E2CE2193-743B-4660-8BCB-B2363F171303}.Release|Any CPU.Build.0 = Release|Any CPU
		{E2CE2193-743B-4660-8BCB-B2363F171303}.Release|ARM.ActiveCfg = Release|Any CPU
		{E2CE2193-743B-4660-8BCB-B2363F171303}.Release|ARM64.ActiveCfg = Release|Any CPU
		{E2CE2193-743B-4660-8BCB-B2363F171303}.Release|x64.ActiveCfg = Release|Any CPU
		{E2CE2193-743B-4660-8BCB-B2363F171303}.Release|x86.ActiveCfg = Release|Any CPU
		{28FF0090-8C47-4629-B657-B5A0D4B96761}.Debug|Any CPU.ActiveCfg = Debug|Any CPU
		{28FF0090-8C47-4629-B657-B5A0D4B96761}.Debug|Any CPU.Build.0 = Debug|Any CPU
		{28FF0090-8C47-4629-B657-B5A0D4B96761}.Debug|ARM.ActiveCfg = Debug|Any CPU
		{28FF0090-8C47-4629-B657-B5A0D4B96761}.Debug|ARM.Build.0 = Debug|Any CPU
		{28FF0090-8C47-4629-B657-B5A0D4B96761}.Debug|ARM64.ActiveCfg = Debug|Any CPU
		{28FF0090-8C47-4629-B657-B5A0D4B96761}.Debug|ARM64.Build.0 = Debug|Any CPU
		{28FF0090-8C47-4629-B657-B5A0D4B96761}.Debug|x64.ActiveCfg = Debug|Any CPU
		{28FF0090-8C47-4629-B657-B5A0D4B96761}.Debug|x64.Build.0 = Debug|Any CPU
		{28FF0090-8C47-4629-B657-B5A0D4B96761}.Debug|x86.ActiveCfg = Debug|Any CPU
		{28FF0090-8C47-4629-B657-B5A0D4B96761}.Debug|x86.Build.0 = Debug|Any CPU
		{28FF0090-8C47-4629-B657-B5A0D4B96761}.Release|Any CPU.ActiveCfg = Release|Any CPU
		{28FF0090-8C47-4629-B657-B5A0D4B96761}.Release|Any CPU.Build.0 = Release|Any CPU
		{28FF0090-8C47-4629-B657-B5A0D4B96761}.Release|ARM.ActiveCfg = Release|Any CPU
		{28FF0090-8C47-4629-B657-B5A0D4B96761}.Release|ARM.Build.0 = Release|Any CPU
		{28FF0090-8C47-4629-B657-B5A0D4B96761}.Release|ARM64.ActiveCfg = Release|Any CPU
		{28FF0090-8C47-4629-B657-B5A0D4B96761}.Release|ARM64.Build.0 = Release|Any CPU
		{28FF0090-8C47-4629-B657-B5A0D4B96761}.Release|x64.ActiveCfg = Release|Any CPU
		{28FF0090-8C47-4629-B657-B5A0D4B96761}.Release|x64.Build.0 = Release|Any CPU
		{28FF0090-8C47-4629-B657-B5A0D4B96761}.Release|x86.ActiveCfg = Release|Any CPU
		{28FF0090-8C47-4629-B657-B5A0D4B96761}.Release|x86.Build.0 = Release|Any CPU
		{FEA65092-ECB1-4A88-B5D2-ADB63F53E44A}.Debug|Any CPU.ActiveCfg = Debug|Any CPU
		{FEA65092-ECB1-4A88-B5D2-ADB63F53E44A}.Debug|Any CPU.Build.0 = Debug|Any CPU
		{FEA65092-ECB1-4A88-B5D2-ADB63F53E44A}.Debug|ARM.ActiveCfg = Debug|Any CPU
		{FEA65092-ECB1-4A88-B5D2-ADB63F53E44A}.Debug|ARM.Build.0 = Debug|Any CPU
		{FEA65092-ECB1-4A88-B5D2-ADB63F53E44A}.Debug|ARM64.ActiveCfg = Debug|Any CPU
		{FEA65092-ECB1-4A88-B5D2-ADB63F53E44A}.Debug|ARM64.Build.0 = Debug|Any CPU
		{FEA65092-ECB1-4A88-B5D2-ADB63F53E44A}.Debug|x64.ActiveCfg = Debug|Any CPU
		{FEA65092-ECB1-4A88-B5D2-ADB63F53E44A}.Debug|x64.Build.0 = Debug|Any CPU
		{FEA65092-ECB1-4A88-B5D2-ADB63F53E44A}.Debug|x86.ActiveCfg = Debug|Any CPU
		{FEA65092-ECB1-4A88-B5D2-ADB63F53E44A}.Debug|x86.Build.0 = Debug|Any CPU
		{FEA65092-ECB1-4A88-B5D2-ADB63F53E44A}.Release|Any CPU.ActiveCfg = Release|Any CPU
		{FEA65092-ECB1-4A88-B5D2-ADB63F53E44A}.Release|Any CPU.Build.0 = Release|Any CPU
		{FEA65092-ECB1-4A88-B5D2-ADB63F53E44A}.Release|ARM.ActiveCfg = Release|Any CPU
		{FEA65092-ECB1-4A88-B5D2-ADB63F53E44A}.Release|ARM.Build.0 = Release|Any CPU
		{FEA65092-ECB1-4A88-B5D2-ADB63F53E44A}.Release|ARM64.ActiveCfg = Release|Any CPU
		{FEA65092-ECB1-4A88-B5D2-ADB63F53E44A}.Release|ARM64.Build.0 = Release|Any CPU
		{FEA65092-ECB1-4A88-B5D2-ADB63F53E44A}.Release|x64.ActiveCfg = Release|Any CPU
		{FEA65092-ECB1-4A88-B5D2-ADB63F53E44A}.Release|x64.Build.0 = Release|Any CPU
		{FEA65092-ECB1-4A88-B5D2-ADB63F53E44A}.Release|x86.ActiveCfg = Release|Any CPU
		{FEA65092-ECB1-4A88-B5D2-ADB63F53E44A}.Release|x86.Build.0 = Release|Any CPU
		{FABDBF94-887E-480E-8A6B-DC22CCC2A0E4}.Debug|Any CPU.ActiveCfg = Debug|x86
		{FABDBF94-887E-480E-8A6B-DC22CCC2A0E4}.Debug|ARM.ActiveCfg = Debug|ARM
		{FABDBF94-887E-480E-8A6B-DC22CCC2A0E4}.Debug|ARM.Build.0 = Debug|ARM
		{FABDBF94-887E-480E-8A6B-DC22CCC2A0E4}.Debug|ARM.Deploy.0 = Debug|ARM
		{FABDBF94-887E-480E-8A6B-DC22CCC2A0E4}.Debug|ARM64.ActiveCfg = Debug|ARM64
		{FABDBF94-887E-480E-8A6B-DC22CCC2A0E4}.Debug|ARM64.Build.0 = Debug|ARM64
		{FABDBF94-887E-480E-8A6B-DC22CCC2A0E4}.Debug|ARM64.Deploy.0 = Debug|ARM64
		{FABDBF94-887E-480E-8A6B-DC22CCC2A0E4}.Debug|x64.ActiveCfg = Debug|x64
		{FABDBF94-887E-480E-8A6B-DC22CCC2A0E4}.Debug|x64.Build.0 = Debug|x64
		{FABDBF94-887E-480E-8A6B-DC22CCC2A0E4}.Debug|x64.Deploy.0 = Debug|x64
		{FABDBF94-887E-480E-8A6B-DC22CCC2A0E4}.Debug|x86.ActiveCfg = Debug|x86
		{FABDBF94-887E-480E-8A6B-DC22CCC2A0E4}.Debug|x86.Build.0 = Debug|x86
		{FABDBF94-887E-480E-8A6B-DC22CCC2A0E4}.Debug|x86.Deploy.0 = Debug|x86
		{FABDBF94-887E-480E-8A6B-DC22CCC2A0E4}.Release|Any CPU.ActiveCfg = Release|x86
		{FABDBF94-887E-480E-8A6B-DC22CCC2A0E4}.Release|ARM.ActiveCfg = Release|ARM
		{FABDBF94-887E-480E-8A6B-DC22CCC2A0E4}.Release|ARM.Build.0 = Release|ARM
		{FABDBF94-887E-480E-8A6B-DC22CCC2A0E4}.Release|ARM.Deploy.0 = Release|ARM
		{FABDBF94-887E-480E-8A6B-DC22CCC2A0E4}.Release|ARM64.ActiveCfg = Release|ARM64
		{FABDBF94-887E-480E-8A6B-DC22CCC2A0E4}.Release|ARM64.Build.0 = Release|ARM64
		{FABDBF94-887E-480E-8A6B-DC22CCC2A0E4}.Release|ARM64.Deploy.0 = Release|ARM64
		{FABDBF94-887E-480E-8A6B-DC22CCC2A0E4}.Release|x64.ActiveCfg = Release|x64
		{FABDBF94-887E-480E-8A6B-DC22CCC2A0E4}.Release|x64.Build.0 = Release|x64
		{FABDBF94-887E-480E-8A6B-DC22CCC2A0E4}.Release|x64.Deploy.0 = Release|x64
		{FABDBF94-887E-480E-8A6B-DC22CCC2A0E4}.Release|x86.ActiveCfg = Release|x86
		{FABDBF94-887E-480E-8A6B-DC22CCC2A0E4}.Release|x86.Build.0 = Release|x86
		{FABDBF94-887E-480E-8A6B-DC22CCC2A0E4}.Release|x86.Deploy.0 = Release|x86
	EndGlobalSection
	GlobalSection(SolutionProperties) = preSolution
		HideSolutionNode = FALSE
	EndGlobalSection
	GlobalSection(NestedProjects) = preSolution
		{28FF0090-8C47-4629-B657-B5A0D4B96761} = {67B55DAF-92FB-41AD-9DAD-FEC45441AE89}
		{FEA65092-ECB1-4A88-B5D2-ADB63F53E44A} = {67B55DAF-92FB-41AD-9DAD-FEC45441AE89}
		{FABDBF94-887E-480E-8A6B-DC22CCC2A0E4} = {67B55DAF-92FB-41AD-9DAD-FEC45441AE89}
	EndGlobalSection
	GlobalSection(ExtensibilityGlobals) = postSolution
		SolutionGuid = {C6A66752-34F1-47A4-B810-BF73149C5637}
	EndGlobalSection
EndGlobal
